
Microsoft Visual Studio Solution File, Format Version 12.00
# Visual Studio Version 16
VisualStudioVersion = 16.0.31605.320
MinimumVisualStudioVersion = 10.0.40219.1
Project("{FAE04EC0-301F-11D3-BF4B-00C04F79EFBC}") = "Server", "Server\Server.csproj", "{9678C86C-55C2-4F88-B5D0-6EAE18C706FF}"
EndProject
Global
	GlobalSection(SolutionConfigurationPlatforms) = preSolution
		Debug|Any CPU = Debug|Any CPU
		Release|Any CPU = Release|Any CPU
	EndGlobalSection
	GlobalSection(ProjectConfigurationPlatforms) = postSolution
		{9678C86C-55C2-4F88-B5D0-6EAE18C706FF}.Debug|Any CPU.ActiveCfg = Debug|Any CPU
		{9678C86C-55C2-4F88-B5D0-6EAE18C706FF}.Debug|Any CPU.Build.0 = Debug|Any CPU
		{9678C86C-55C2-4F88-B5D0-6EAE18C706FF}.Release|Any CPU.ActiveCfg = Release|Any CPU
		{9678C86C-55C2-4F88-B5D0-6EAE18C706FF}.Release|Any CPU.Build.0 = Release|Any CPU
	EndGlobalSection
	GlobalSection(SolutionProperties) = preSolution
		HideSolutionNode = FALSE
	EndGlobalSection
	GlobalSection(ExtensibilityGlobals) = postSolution
		SolutionGuid = {FE19E8B8-D1E0-4EB1-BA2B-DD74A8296143}
	EndGlobalSection
EndGlobal
